
Microsoft Visual Studio Solution File, Format Version 11.00
# Visual Studio 2010
Project("{FAE04EC0-301F-11D3-BF4B-00C04F79EFBC}") = "HS.framework", "HS.framework.csproj", "{d39908d8-940c-66a7-16ae-895ead10310f}"
EndProject
Project("{FAE04EC0-301F-11D3-BF4B-00C04F79EFBC}") = "Luban.Runtime", "Luban.Runtime.csproj", "{c2e6d492-8b77-03fb-32fa-755bb39e2b31}"
EndProject
Project("{FAE04EC0-301F-11D3-BF4B-00C04F79EFBC}") = "HS.game", "HS.game.csproj", "{b8b950cf-18f4-ba89-6f53-bcd45e9f3e57}"
EndProject
Project("{FAE04EC0-301F-11D3-BF4B-00C04F79EFBC}") = "Luban.Editor", "Luban.Editor.csproj", "{85401aa5-bcb5-14f0-ce4f-12dc3f6257f5}"
EndProject
Project("{FAE04EC0-301F-11D3-BF4B-00C04F79EFBC}") = "Assembly-CSharp-Editor", "Assembly-CSharp-Editor.csproj", "{f127edb9-8f76-5980-6a84-56763648e14a}"
EndProject
Project("{FAE04EC0-301F-11D3-BF4B-00C04F79EFBC}") = "Assembly-CSharp", "Assembly-CSharp.csproj", "{ddd5fff3-5d79-9c89-6ce5-78cc1d1a08da}"
EndProject
Global
	GlobalSection(SolutionConfigurationPlatforms) = preSolution
		Debug|Any CPU = Debug|Any CPU
	EndGlobalSection
	GlobalSection(ProjectConfigurationPlatforms) = postSolution
		{d39908d8-940c-66a7-16ae-895ead10310f}.Debug|Any CPU.ActiveCfg = Debug|Any CPU
		{d39908d8-940c-66a7-16ae-895ead10310f}.Debug|Any CPU.Build.0 = Debug|Any CPU
		{c2e6d492-8b77-03fb-32fa-755bb39e2b31}.Debug|Any CPU.ActiveCfg = Debug|Any CPU
		{c2e6d492-8b77-03fb-32fa-755bb39e2b31}.Debug|Any CPU.Build.0 = Debug|Any CPU
		{b8b950cf-18f4-ba89-6f53-bcd45e9f3e57}.Debug|Any CPU.ActiveCfg = Debug|Any CPU
		{b8b950cf-18f4-ba89-6f53-bcd45e9f3e57}.Debug|Any CPU.Build.0 = Debug|Any CPU
		{85401aa5-bcb5-14f0-ce4f-12dc3f6257f5}.Debug|Any CPU.ActiveCfg = Debug|Any CPU
		{85401aa5-bcb5-14f0-ce4f-12dc3f6257f5}.Debug|Any CPU.Build.0 = Debug|Any CPU
		{f127edb9-8f76-5980-6a84-56763648e14a}.Debug|Any CPU.ActiveCfg = Debug|Any CPU
		{f127edb9-8f76-5980-6a84-56763648e14a}.Debug|Any CPU.Build.0 = Debug|Any CPU
		{ddd5fff3-5d79-9c89-6ce5-78cc1d1a08da}.Debug|Any CPU.ActiveCfg = Debug|Any CPU
		{ddd5fff3-5d79-9c89-6ce5-78cc1d1a08da}.Debug|Any CPU.Build.0 = Debug|Any CPU
	EndGlobalSection
	GlobalSection(SolutionProperties) = preSolution
		HideSolutionNode = FALSE
	EndGlobalSection
EndGlobal
